
Microsoft Visual Studio Solution File, Format Version 12.00
# Visual Studio Version 16
VisualStudioVersion = 16.0.31515.178
MinimumVisualStudioVersion = 10.0.40219.1
Project("{FAE04EC0-301F-11D3-BF4B-00C04F79EFBC}") = "NeuralNetworks", "NeuralNetworks\NeuralNetworks.csproj", "{3809436E-C8AA-49D1-A710-BB9F1401CA4D}"
EndProject
Project("{FAE04EC0-301F-11D3-BF4B-00C04F79EFBC}") = "NeuralNetworksTests1", "NeuralNetworksTests1\NeuralNetworksTests1.csproj", "{7B9358FF-B99A-4589-A202-B8CA2DD16D41}"
EndProject
Global
	GlobalSection(SolutionConfigurationPlatforms) = preSolution
		Debug|Any CPU = Debug|Any CPU
		Release|Any CPU = Release|Any CPU
	EndGlobalSection
	GlobalSection(ProjectConfigurationPlatforms) = postSolution
		{3809436E-C8AA-49D1-A710-BB9F1401CA4D}.Debug|Any CPU.ActiveCfg = Debug|Any CPU
		{3809436E-C8AA-49D1-A710-BB9F1401CA4D}.Debug|Any CPU.Build.0 = Debug|Any CPU
		{3809436E-C8AA-49D1-A710-BB9F1401CA4D}.Release|Any CPU.ActiveCfg = Release|Any CPU
		{3809436E-C8AA-49D1-A710-BB9F1401CA4D}.Release|Any CPU.Build.0 = Release|Any CPU
		{7B9358FF-B99A-4589-A202-B8CA2DD16D41}.Debug|Any CPU.ActiveCfg = Debug|Any CPU
		{7B9358FF-B99A-4589-A202-B8CA2DD16D41}.Debug|Any CPU.Build.0 = Debug|Any CPU
		{7B9358FF-B99A-4589-A202-B8CA2DD16D41}.Release|Any CPU.ActiveCfg = Release|Any CPU
		{7B9358FF-B99A-4589-A202-B8CA2DD16D41}.Release|Any CPU.Build.0 = Release|Any CPU
	EndGlobalSection
	GlobalSection(SolutionProperties) = preSolution
		HideSolutionNode = FALSE
	EndGlobalSection
	GlobalSection(ExtensibilityGlobals) = postSolution
		SolutionGuid = {D3719C09-377E-45B2-8668-3B20A8F1E82E}
	EndGlobalSection
EndGlobal
